
Microsoft Visual Studio Solution File, Format Version 12.00
# Visual Studio Version 17
VisualStudioVersion = 17.7.34202.233
MinimumVisualStudioVersion = 10.0.40219.1
Project("{FAE04EC0-301F-11D3-BF4B-00C04F79EFBC}") = "c#", "c#.csproj", "{5A080C65-DDDD-4A0E-9061-7B42200BA07B}"
EndProject
Project("{FAE04EC0-301F-11D3-BF4B-00C04F79EFBC}") = "game", "..\game\game.csproj", "{4041BC32-17C2-4B79-9DE8-1CF93EA52B7D}"
EndProject
Global
	GlobalSection(SolutionConfigurationPlatforms) = preSolution
		Debug|Any CPU = Debug|Any CPU
		Release|Any CPU = Release|Any CPU
	EndGlobalSection
	GlobalSection(ProjectConfigurationPlatforms) = postSolution
		{5A080C65-DDDD-4A0E-9061-7B42200BA07B}.Debug|Any CPU.ActiveCfg = Debug|Any CPU
		{5A080C65-DDDD-4A0E-9061-7B42200BA07B}.Debug|Any CPU.Build.0 = Debug|Any CPU
		{5A080C65-DDDD-4A0E-9061-7B42200BA07B}.Release|Any CPU.ActiveCfg = Release|Any CPU
		{5A080C65-DDDD-4A0E-9061-7B42200BA07B}.Release|Any CPU.Build.0 = Release|Any CPU
		{4041BC32-17C2-4B79-9DE8-1CF93EA52B7D}.Debug|Any CPU.ActiveCfg = Debug|Any CPU
		{4041BC32-17C2-4B79-9DE8-1CF93EA52B7D}.Debug|Any CPU.Build.0 = Debug|Any CPU
		{4041BC32-17C2-4B79-9DE8-1CF93EA52B7D}.Release|Any CPU.ActiveCfg = Release|Any CPU
		{4041BC32-17C2-4B79-9DE8-1CF93EA52B7D}.Release|Any CPU.Build.0 = Release|Any CPU
	EndGlobalSection
	GlobalSection(SolutionProperties) = preSolution
		HideSolutionNode = FALSE
	EndGlobalSection
	GlobalSection(ExtensibilityGlobals) = postSolution
		SolutionGuid = {E3BA3FC5-D319-4B34-AEBF-6F99689C704C}
	EndGlobalSection
EndGlobal
